
Microsoft Visual Studio Solution File, Format Version 12.00
# Visual Studio Version 16
VisualStudioVersion = 16.0.31729.503
MinimumVisualStudioVersion = 10.0.40219.1
Project("{FAE04EC0-301F-11D3-BF4B-00C04F79EFBC}") = "ClassMetotDemo", "ClassMetotDemo\ClassMetotDemo.csproj", "{365267EE-A552-43A4-A8AE-ADA28A25DBA0}"
EndProject
Global
	GlobalSection(SolutionConfigurationPlatforms) = preSolution
		Debug|Any CPU = Debug|Any CPU
		Release|Any CPU = Release|Any CPU
	EndGlobalSection
	GlobalSection(ProjectConfigurationPlatforms) = postSolution
		{365267EE-A552-43A4-A8AE-ADA28A25DBA0}.Debug|Any CPU.ActiveCfg = Debug|Any CPU
		{365267EE-A552-43A4-A8AE-ADA28A25DBA0}.Debug|Any CPU.Build.0 = Debug|Any CPU
		{365267EE-A552-43A4-A8AE-ADA28A25DBA0}.Release|Any CPU.ActiveCfg = Release|Any CPU
		{365267EE-A552-43A4-A8AE-ADA28A25DBA0}.Release|Any CPU.Build.0 = Release|Any CPU
	EndGlobalSection
	GlobalSection(SolutionProperties) = preSolution
		HideSolutionNode = FALSE
	EndGlobalSection
	GlobalSection(ExtensibilityGlobals) = postSolution
		SolutionGuid = {50A5FC8D-4848-4F78-8D24-ECDB8AA07901}
	EndGlobalSection
EndGlobal
